
Microsoft Visual Studio Solution File, Format Version 12.00
# Visual Studio Version 17
VisualStudioVersion = 17.14.36221.1
MinimumVisualStudioVersion = 10.0.40219.1
Project("{FAE04EC0-301F-11D3-BF4B-00C04F79EFBC}") = "ControleDeVendas", "ControleDeVendas\ControleDeVendas.csproj", "{D33A2B0A-A551-433E-9DD1-F5C2B702F54A}"
EndProject
Global
	GlobalSection(SolutionConfigurationPlatforms) = preSolution
		Debug|Any CPU = Debug|Any CPU
		Release|Any CPU = Release|Any CPU
	EndGlobalSection
	GlobalSection(ProjectConfigurationPlatforms) = postSolution
		{D33A2B0A-A551-433E-9DD1-F5C2B702F54A}.Debug|Any CPU.ActiveCfg = Debug|Any CPU
		{D33A2B0A-A551-433E-9DD1-F5C2B702F54A}.Debug|Any CPU.Build.0 = Debug|Any CPU
		{D33A2B0A-A551-433E-9DD1-F5C2B702F54A}.Release|Any CPU.ActiveCfg = Release|Any CPU
		{D33A2B0A-A551-433E-9DD1-F5C2B702F54A}.Release|Any CPU.Build.0 = Release|Any CPU
	EndGlobalSection
	GlobalSection(SolutionProperties) = preSolution
		HideSolutionNode = FALSE
	EndGlobalSection
	GlobalSection(ExtensibilityGlobals) = postSolution
		SolutionGuid = {25A7A7A3-5CD2-4F63-A162-C5FBC1C3D9DD}
	EndGlobalSection
EndGlobal
